
Microsoft Visual Studio Solution File, Format Version 12.00
# Visual Studio Version 17
VisualStudioVersion = 17.7.34018.315
MinimumVisualStudioVersion = 10.0.40219.1
Project("{FAE04EC0-301F-11D3-BF4B-00C04F79EFBC}") = "Task_1", "Task_1.csproj", "{E571B135-4E32-4592-A898-58EC3DF25EC3}"
EndProject
Project("{FAE04EC0-301F-11D3-BF4B-00C04F79EFBC}") = "Task_2", "..\Task_2\Task_2.csproj", "{48F916CD-C873-4F36-A523-6A3AA6F964E8}"
EndProject
Project("{FAE04EC0-301F-11D3-BF4B-00C04F79EFBC}") = "Task_3", "..\Task_3\Task_3.csproj", "{7321B5B7-E8A5-4983-B0E1-F80B67C6E2EE}"
EndProject
Project("{FAE04EC0-301F-11D3-BF4B-00C04F79EFBC}") = "Task_4", "..\Task_4\Task_4.csproj", "{15986A72-EC60-4B5C-8CE3-E72C360F7FEF}"
EndProject
Project("{FAE04EC0-301F-11D3-BF4B-00C04F79EFBC}") = "Task_5", "..\Task_5\Task_5.csproj", "{EBB97A14-AE77-4C85-912F-E373A730DD78}"
EndProject
Global
	GlobalSection(SolutionConfigurationPlatforms) = preSolution
		Debug|Any CPU = Debug|Any CPU
		Release|Any CPU = Release|Any CPU
	EndGlobalSection
	GlobalSection(ProjectConfigurationPlatforms) = postSolution
		{E571B135-4E32-4592-A898-58EC3DF25EC3}.Debug|Any CPU.ActiveCfg = Debug|Any CPU
		{E571B135-4E32-4592-A898-58EC3DF25EC3}.Debug|Any CPU.Build.0 = Debug|Any CPU
		{E571B135-4E32-4592-A898-58EC3DF25EC3}.Release|Any CPU.ActiveCfg = Release|Any CPU
		{E571B135-4E32-4592-A898-58EC3DF25EC3}.Release|Any CPU.Build.0 = Release|Any CPU
		{48F916CD-C873-4F36-A523-6A3AA6F964E8}.Debug|Any CPU.ActiveCfg = Debug|Any CPU
		{48F916CD-C873-4F36-A523-6A3AA6F964E8}.Debug|Any CPU.Build.0 = Debug|Any CPU
		{48F916CD-C873-4F36-A523-6A3AA6F964E8}.Release|Any CPU.ActiveCfg = Release|Any CPU
		{48F916CD-C873-4F36-A523-6A3AA6F964E8}.Release|Any CPU.Build.0 = Release|Any CPU
		{7321B5B7-E8A5-4983-B0E1-F80B67C6E2EE}.Debug|Any CPU.ActiveCfg = Debug|Any CPU
		{7321B5B7-E8A5-4983-B0E1-F80B67C6E2EE}.Debug|Any CPU.Build.0 = Debug|Any CPU
		{7321B5B7-E8A5-4983-B0E1-F80B67C6E2EE}.Release|Any CPU.ActiveCfg = Release|Any CPU
		{7321B5B7-E8A5-4983-B0E1-F80B67C6E2EE}.Release|Any CPU.Build.0 = Release|Any CPU
		{15986A72-EC60-4B5C-8CE3-E72C360F7FEF}.Debug|Any CPU.ActiveCfg = Debug|Any CPU
		{15986A72-EC60-4B5C-8CE3-E72C360F7FEF}.Debug|Any CPU.Build.0 = Debug|Any CPU
		{15986A72-EC60-4B5C-8CE3-E72C360F7FEF}.Release|Any CPU.ActiveCfg = Release|Any CPU
		{15986A72-EC60-4B5C-8CE3-E72C360F7FEF}.Release|Any CPU.Build.0 = Release|Any CPU
		{EBB97A14-AE77-4C85-912F-E373A730DD78}.Debug|Any CPU.ActiveCfg = Debug|Any CPU
		{EBB97A14-AE77-4C85-912F-E373A730DD78}.Debug|Any CPU.Build.0 = Debug|Any CPU
		{EBB97A14-AE77-4C85-912F-E373A730DD78}.Release|Any CPU.ActiveCfg = Release|Any CPU
		{EBB97A14-AE77-4C85-912F-E373A730DD78}.Release|Any CPU.Build.0 = Release|Any CPU
	EndGlobalSection
	GlobalSection(SolutionProperties) = preSolution
		HideSolutionNode = FALSE
	EndGlobalSection
	GlobalSection(ExtensibilityGlobals) = postSolution
		SolutionGuid = {C400705D-319A-4A99-8957-FD6A75AFA10B}
	EndGlobalSection
EndGlobal
